
Microsoft Visual Studio Solution File, Format Version 12.00
# Visual Studio Version 16
VisualStudioVersion = 16.0.28803.156
MinimumVisualStudioVersion = 10.0.40219.1
Project("{FAE04EC0-301F-11D3-BF4B-00C04F79EFBC}") = "Accelbuffer", "Accelbuffer\Accelbuffer.csproj", "{8C53DD8B-ACA0-466C-852C-4B2197540C3C}"
EndProject
Project("{FAE04EC0-301F-11D3-BF4B-00C04F79EFBC}") = "Accelbuffer.Test", "Accelbuffer.Test\Accelbuffer.Test.csproj", "{192588B8-A9FC-4DE2-A73F-7C681AED63A0}"
EndProject
Project("{F184B08F-C81C-45F6-A57F-5ABD9991F28F}") = "Accelbuffer.Test.VB", "Accelbuffer.Test.VB\Accelbuffer.Test.VB.vbproj", "{8E9C9487-F751-4DA4-9085-80D2B63B9321}"
EndProject
Project("{9A19103F-16F7-4668-BE54-9A1E7A4F7556}") = "asc", "asc\asc.csproj", "{48B8115F-7357-4F2E-8B47-E5B0BBD0E493}"
EndProject
Project("{8BC9CEB8-8B4A-11D0-8D11-00A0C91BC942}") = "Accelbuffer.CPP", "Accelbuffer.CPP\Accelbuffer.CPP.vcxitems", "{2D9B3370-B5A5-41DF-8EBF-CE1DA9A322D2}"
EndProject
Project("{8BC9CEB8-8B4A-11D0-8D11-00A0C91BC942}") = "Accelbuffer.Test.CPP", "Accelbuffer.Test.CPP\Accelbuffer.Test.CPP.vcxproj", "{16216BC6-5AC2-44FE-9354-1A632B3E0608}"
EndProject
Global
	GlobalSection(SharedMSBuildProjectFiles) = preSolution
		Accelbuffer.CPP\Accelbuffer.CPP.vcxitems*{16216bc6-5ac2-44fe-9354-1a632b3e0608}*SharedItemsImports = 4
		Accelbuffer.CPP\Accelbuffer.CPP.vcxitems*{2d9b3370-b5a5-41df-8ebf-ce1da9a322d2}*SharedItemsImports = 9
	EndGlobalSection
	GlobalSection(SolutionConfigurationPlatforms) = preSolution
		Debug|Any CPU = Debug|Any CPU
		Debug|x64 = Debug|x64
		Debug|x86 = Debug|x86
		Release|Any CPU = Release|Any CPU
		Release|x64 = Release|x64
		Release|x86 = Release|x86
		Unity|Any CPU = Unity|Any CPU
		Unity|x64 = Unity|x64
		Unity|x86 = Unity|x86
	EndGlobalSection
	GlobalSection(ProjectConfigurationPlatforms) = postSolution
		{8C53DD8B-ACA0-466C-852C-4B2197540C3C}.Debug|Any CPU.ActiveCfg = Debug|Any CPU
		{8C53DD8B-ACA0-466C-852C-4B2197540C3C}.Debug|Any CPU.Build.0 = Debug|Any CPU
		{8C53DD8B-ACA0-466C-852C-4B2197540C3C}.Debug|x64.ActiveCfg = Debug|Any CPU
		{8C53DD8B-ACA0-466C-852C-4B2197540C3C}.Debug|x64.Build.0 = Debug|Any CPU
		{8C53DD8B-ACA0-466C-852C-4B2197540C3C}.Debug|x86.ActiveCfg = Debug|Any CPU
		{8C53DD8B-ACA0-466C-852C-4B2197540C3C}.Debug|x86.Build.0 = Debug|Any CPU
		{8C53DD8B-ACA0-466C-852C-4B2197540C3C}.Release|Any CPU.ActiveCfg = Release|Any CPU
		{8C53DD8B-ACA0-466C-852C-4B2197540C3C}.Release|Any CPU.Build.0 = Release|Any CPU
		{8C53DD8B-ACA0-466C-852C-4B2197540C3C}.Release|x64.ActiveCfg = Release|Any CPU
		{8C53DD8B-ACA0-466C-852C-4B2197540C3C}.Release|x64.Build.0 = Release|Any CPU
		{8C53DD8B-ACA0-466C-852C-4B2197540C3C}.Release|x86.ActiveCfg = Release|Any CPU
		{8C53DD8B-ACA0-466C-852C-4B2197540C3C}.Release|x86.Build.0 = Release|Any CPU
		{8C53DD8B-ACA0-466C-852C-4B2197540C3C}.Unity|Any CPU.ActiveCfg = Unity|Any CPU
		{8C53DD8B-ACA0-466C-852C-4B2197540C3C}.Unity|Any CPU.Build.0 = Unity|Any CPU
		{8C53DD8B-ACA0-466C-852C-4B2197540C3C}.Unity|x64.ActiveCfg = Unity|Any CPU
		{8C53DD8B-ACA0-466C-852C-4B2197540C3C}.Unity|x64.Build.0 = Unity|Any CPU
		{8C53DD8B-ACA0-466C-852C-4B2197540C3C}.Unity|x86.ActiveCfg = Unity|Any CPU
		{8C53DD8B-ACA0-466C-852C-4B2197540C3C}.Unity|x86.Build.0 = Unity|Any CPU
		{192588B8-A9FC-4DE2-A73F-7C681AED63A0}.Debug|Any CPU.ActiveCfg = Debug|Any CPU
		{192588B8-A9FC-4DE2-A73F-7C681AED63A0}.Debug|Any CPU.Build.0 = Debug|Any CPU
		{192588B8-A9FC-4DE2-A73F-7C681AED63A0}.Debug|x64.ActiveCfg = Debug|Any CPU
		{192588B8-A9FC-4DE2-A73F-7C681AED63A0}.Debug|x64.Build.0 = Debug|Any CPU
		{192588B8-A9FC-4DE2-A73F-7C681AED63A0}.Debug|x86.ActiveCfg = Debug|Any CPU
		{192588B8-A9FC-4DE2-A73F-7C681AED63A0}.Debug|x86.Build.0 = Debug|Any CPU
		{192588B8-A9FC-4DE2-A73F-7C681AED63A0}.Release|Any CPU.ActiveCfg = Release|Any CPU
		{192588B8-A9FC-4DE2-A73F-7C681AED63A0}.Release|Any CPU.Build.0 = Release|Any CPU
		{192588B8-A9FC-4DE2-A73F-7C681AED63A0}.Release|x64.ActiveCfg = Release|Any CPU
		{192588B8-A9FC-4DE2-A73F-7C681AED63A0}.Release|x64.Build.0 = Release|Any CPU
		{192588B8-A9FC-4DE2-A73F-7C681AED63A0}.Release|x86.ActiveCfg = Release|Any CPU
		{192588B8-A9FC-4DE2-A73F-7C681AED63A0}.Release|x86.Build.0 = Release|Any CPU
		{192588B8-A9FC-4DE2-A73F-7C681AED63A0}.Unity|Any CPU.ActiveCfg = Release|Any CPU
		{192588B8-A9FC-4DE2-A73F-7C681AED63A0}.Unity|Any CPU.Build.0 = Release|Any CPU
		{192588B8-A9FC-4DE2-A73F-7C681AED63A0}.Unity|x64.ActiveCfg = Release|Any CPU
		{192588B8-A9FC-4DE2-A73F-7C681AED63A0}.Unity|x64.Build.0 = Release|Any CPU
		{192588B8-A9FC-4DE2-A73F-7C681AED63A0}.Unity|x86.ActiveCfg = Release|Any CPU
		{192588B8-A9FC-4DE2-A73F-7C681AED63A0}.Unity|x86.Build.0 = Release|Any CPU
		{8E9C9487-F751-4DA4-9085-80D2B63B9321}.Debug|Any CPU.ActiveCfg = Debug|Any CPU
		{8E9C9487-F751-4DA4-9085-80D2B63B9321}.Debug|Any CPU.Build.0 = Debug|Any CPU
		{8E9C9487-F751-4DA4-9085-80D2B63B9321}.Debug|x64.ActiveCfg = Debug|Any CPU
		{8E9C9487-F751-4DA4-9085-80D2B63B9321}.Debug|x64.Build.0 = Debug|Any CPU
		{8E9C9487-F751-4DA4-9085-80D2B63B9321}.Debug|x86.ActiveCfg = Debug|Any CPU
		{8E9C9487-F751-4DA4-9085-80D2B63B9321}.Debug|x86.Build.0 = Debug|Any CPU
		{8E9C9487-F751-4DA4-9085-80D2B63B9321}.Release|Any CPU.ActiveCfg = Release|Any CPU
		{8E9C9487-F751-4DA4-9085-80D2B63B9321}.Release|Any CPU.Build.0 = Release|Any CPU
		{8E9C9487-F751-4DA4-9085-80D2B63B9321}.Release|x64.ActiveCfg = Release|Any CPU
		{8E9C9487-F751-4DA4-9085-80D2B63B9321}.Release|x64.Build.0 = Release|Any CPU
		{8E9C9487-F751-4DA4-9085-80D2B63B9321}.Release|x86.ActiveCfg = Release|Any CPU
		{8E9C9487-F751-4DA4-9085-80D2B63B9321}.Release|x86.Build.0 = Release|Any CPU
		{8E9C9487-F751-4DA4-9085-80D2B63B9321}.Unity|Any CPU.ActiveCfg = Release|Any CPU
		{8E9C9487-F751-4DA4-9085-80D2B63B9321}.Unity|Any CPU.Build.0 = Release|Any CPU
		{8E9C9487-F751-4DA4-9085-80D2B63B9321}.Unity|x64.ActiveCfg = Release|Any CPU
		{8E9C9487-F751-4DA4-9085-80D2B63B9321}.Unity|x64.Build.0 = Release|Any CPU
		{8E9C9487-F751-4DA4-9085-80D2B63B9321}.Unity|x86.ActiveCfg = Release|Any CPU
		{8E9C9487-F751-4DA4-9085-80D2B63B9321}.Unity|x86.Build.0 = Release|Any CPU
		{48B8115F-7357-4F2E-8B47-E5B0BBD0E493}.Debug|Any CPU.ActiveCfg = Debug|Any CPU
		{48B8115F-7357-4F2E-8B47-E5B0BBD0E493}.Debug|Any CPU.Build.0 = Debug|Any CPU
		{48B8115F-7357-4F2E-8B47-E5B0BBD0E493}.Debug|x64.ActiveCfg = Debug|Any CPU
		{48B8115F-7357-4F2E-8B47-E5B0BBD0E493}.Debug|x64.Build.0 = Debug|Any CPU
		{48B8115F-7357-4F2E-8B47-E5B0BBD0E493}.Debug|x86.ActiveCfg = Debug|Any CPU
		{48B8115F-7357-4F2E-8B47-E5B0BBD0E493}.Debug|x86.Build.0 = Debug|Any CPU
		{48B8115F-7357-4F2E-8B47-E5B0BBD0E493}.Release|Any CPU.ActiveCfg = Release|Any CPU
		{48B8115F-7357-4F2E-8B47-E5B0BBD0E493}.Release|Any CPU.Build.0 = Release|Any CPU
		{48B8115F-7357-4F2E-8B47-E5B0BBD0E493}.Release|x64.ActiveCfg = Release|Any CPU
		{48B8115F-7357-4F2E-8B47-E5B0BBD0E493}.Release|x64.Build.0 = Release|Any CPU
		{48B8115F-7357-4F2E-8B47-E5B0BBD0E493}.Release|x86.ActiveCfg = Release|Any CPU
		{48B8115F-7357-4F2E-8B47-E5B0BBD0E493}.Release|x86.Build.0 = Release|Any CPU
		{48B8115F-7357-4F2E-8B47-E5B0BBD0E493}.Unity|Any CPU.ActiveCfg = Unity|Any CPU
		{48B8115F-7357-4F2E-8B47-E5B0BBD0E493}.Unity|Any CPU.Build.0 = Unity|Any CPU
		{48B8115F-7357-4F2E-8B47-E5B0BBD0E493}.Unity|x64.ActiveCfg = Debug|Any CPU
		{48B8115F-7357-4F2E-8B47-E5B0BBD0E493}.Unity|x64.Build.0 = Debug|Any CPU
		{48B8115F-7357-4F2E-8B47-E5B0BBD0E493}.Unity|x86.ActiveCfg = Debug|Any CPU
		{48B8115F-7357-4F2E-8B47-E5B0BBD0E493}.Unity|x86.Build.0 = Debug|Any CPU
		{16216BC6-5AC2-44FE-9354-1A632B3E0608}.Debug|Any CPU.ActiveCfg = Debug|Win32
		{16216BC6-5AC2-44FE-9354-1A632B3E0608}.Debug|x64.ActiveCfg = Debug|x64
		{16216BC6-5AC2-44FE-9354-1A632B3E0608}.Debug|x64.Build.0 = Debug|x64
		{16216BC6-5AC2-44FE-9354-1A632B3E0608}.Debug|x86.ActiveCfg = Debug|Win32
		{16216BC6-5AC2-44FE-9354-1A632B3E0608}.Debug|x86.Build.0 = Debug|Win32
		{16216BC6-5AC2-44FE-9354-1A632B3E0608}.Release|Any CPU.ActiveCfg = Release|Win32
		{16216BC6-5AC2-44FE-9354-1A632B3E0608}.Release|x64.ActiveCfg = Release|x64
		{16216BC6-5AC2-44FE-9354-1A632B3E0608}.Release|x64.Build.0 = Release|x64
		{16216BC6-5AC2-44FE-9354-1A632B3E0608}.Release|x86.ActiveCfg = Release|Win32
		{16216BC6-5AC2-44FE-9354-1A632B3E0608}.Release|x86.Build.0 = Release|Win32
		{16216BC6-5AC2-44FE-9354-1A632B3E0608}.Unity|Any CPU.ActiveCfg = Release|x64
		{16216BC6-5AC2-44FE-9354-1A632B3E0608}.Unity|Any CPU.Build.0 = Release|x64
		{16216BC6-5AC2-44FE-9354-1A632B3E0608}.Unity|x64.ActiveCfg = Release|x64
		{16216BC6-5AC2-44FE-9354-1A632B3E0608}.Unity|x64.Build.0 = Release|x64
		{16216BC6-5AC2-44FE-9354-1A632B3E0608}.Unity|x86.ActiveCfg = Release|Win32
		{16216BC6-5AC2-44FE-9354-1A632B3E0608}.Unity|x86.Build.0 = Release|Win32
	EndGlobalSection
	GlobalSection(SolutionProperties) = preSolution
		HideSolutionNode = FALSE
	EndGlobalSection
	GlobalSection(ExtensibilityGlobals) = postSolution
		SolutionGuid = {4A9B90FA-D468-4DC0-AC2A-B029224F7F36}
	EndGlobalSection
EndGlobal
